// !$*UTF8*$!
{
	archiveVersion = 1;
	classes = {
	};
	objectVersion = 56;
	objects = {

/* Begin PBXBuildFile section */
		A1CD69B62C6BAAC5001382E2 /* OpenAiHelper.swift in Sources */ = {isa = PBXBuildFile; fileRef = A1CD69B32C6BAAC5001382E2 /* OpenAiHelper.swift */; };
		A1CD69B72C6BAAC5001382E2 /* MainView.swift in Sources */ = {isa = PBXBuildFile; fileRef = A1CD69B42C6BAAC5001382E2 /* MainView.swift */; };
		A1CD69B82C6BAAC5001382E2 /* MainViewModel.swift in Sources */ = {isa = PBXBuildFile; fileRef = A1CD69B52C6BAAC5001382E2 /* MainViewModel.swift */; };
		A1CD69BA2C6BAB1A001382E2 /* APIKeys.plist in Resources */ = {isa = PBXBuildFile; fileRef = A1CD69B92C6BAB1A001382E2 /* APIKeys.plist */; };
		A1CD69BC2C6BABF0001382E2 /* BundledApiKeyService.swift in Sources */ = {isa = PBXBuildFile; fileRef = A1CD69BB2C6BABF0001382E2 /* BundledApiKeyService.swift */; };
		A1CD69BF2C6BB184001382E2 /* OpenAIKit in Frameworks */ = {isa = PBXBuildFile; productRef = A1CD69BE2C6BB184001382E2 /* OpenAIKit */; };
		A1CD69C12C6CE59E001382E2 /* Extensions.swift in Sources */ = {isa = PBXBuildFile; fileRef = A1CD69C02C6CE59E001382E2 /* Extensions.swift */; };
		A1FD1CCC2C6BAA0E00D130E2 /* WriteGPTApp.swift in Sources */ = {isa = PBXBuildFile; fileRef = A1FD1CCB2C6BAA0E00D130E2 /* WriteGPTApp.swift */; };
		A1FD1CD02C6BAA0F00D130E2 /* Assets.xcassets in Resources */ = {isa = PBXBuildFile; fileRef = A1FD1CCF2C6BAA0F00D130E2 /* Assets.xcassets */; };
		A1FD1CD32C6BAA0F00D130E2 /* Preview Assets.xcassets in Resources */ = {isa = PBXBuildFile; fileRef = A1FD1CD22C6BAA0F00D130E2 /* Preview Assets.xcassets */; };
/* End PBXBuildFile section */

/* Begin PBXFileReference section */
		A1CD69B32C6BAAC5001382E2 /* OpenAiHelper.swift */ = {isa = PBXFileReference; fileEncoding = 4; lastKnownFileType = sourcecode.swift; path = OpenAiHelper.swift; sourceTree = "<group>"; };
		A1CD69B42C6BAAC5001382E2 /* MainView.swift */ = {isa = PBXFileReference; fileEncoding = 4; lastKnownFileType = sourcecode.swift; path = MainView.swift; sourceTree = "<group>"; };
		A1CD69B52C6BAAC5001382E2 /* MainViewModel.swift */ = {isa = PBXFileReference; fileEncoding = 4; lastKnownFileType = sourcecode.swift; path = MainViewModel.swift; sourceTree = "<group>"; };
		A1CD69B92C6BAB1A001382E2 /* APIKeys.plist */ = {isa = PBXFileReference; fileEncoding = 4; lastKnownFileType = text.plist.xml; path = APIKeys.plist; sourceTree = "<group>"; };
		A1CD69BB2C6BABF0001382E2 /* BundledApiKeyService.swift */ = {isa = PBXFileReference; lastKnownFileType = sourcecode.swift; path = BundledApiKeyService.swift; sourceTree = "<group>"; };
		A1CD69C02C6CE59E001382E2 /* Extensions.swift */ = {isa = PBXFileReference; lastKnownFileType = sourcecode.swift; path = Extensions.swift; sourceTree = "<group>"; };
		A1FD1CC82C6BAA0E00D130E2 /* WriteGPT.app */ = {isa = PBXFileReference; explicitFileType = wrapper.application; includeInIndex = 0; path = WriteGPT.app; sourceTree = BUILT_PRODUCTS_DIR; };
		A1FD1CCB2C6BAA0E00D130E2 /* WriteGPTApp.swift */ = {isa = PBXFileReference; lastKnownFileType = sourcecode.swift; path = WriteGPTApp.swift; sourceTree = "<group>"; };
		A1FD1CCF2C6BAA0F00D130E2 /* Assets.xcassets */ = {isa = PBXFileReference; lastKnownFileType = folder.assetcatalog; path = Assets.xcassets; sourceTree = "<group>"; };
		A1FD1CD22C6BAA0F00D130E2 /* Preview Assets.xcassets */ = {isa = PBXFileReference; lastKnownFileType = folder.assetcatalog; path = "Preview Assets.xcassets"; sourceTree = "<group>"; };
		A1FD1CD42C6BAA0F00D130E2 /* WriteGPT.entitlements */ = {isa = PBXFileReference; lastKnownFileType = text.plist.entitlements; path = WriteGPT.entitlements; sourceTree = "<group>"; };
/* End PBXFileReference section */

/* Begin PBXFrameworksBuildPhase section */
		A1FD1CC52C6BAA0E00D130E2 /* Frameworks */ = {
			isa = PBXFrameworksBuildPhase;
			buildActionMask = 2147483647;
			files = (
				A1CD69BF2C6BB184001382E2 /* OpenAIKit in Frameworks */,
			);
			runOnlyForDeploymentPostprocessing = 0;
		};
/* End PBXFrameworksBuildPhase section */

/* Begin PBXGroup section */
		A1FD1CBF2C6BAA0E00D130E2 = {
			isa = PBXGroup;
			children = (
				A1FD1CCA2C6BAA0E00D130E2 /* WriteGPT */,
				A1FD1CC92C6BAA0E00D130E2 /* Products */,
			);
			sourceTree = "<group>";
		};
		A1FD1CC92C6BAA0E00D130E2 /* Products */ = {
			isa = PBXGroup;
			children = (
				A1FD1CC82C6BAA0E00D130E2 /* WriteGPT.app */,
			);
			name = Products;
			sourceTree = "<group>";
		};
		A1FD1CCA2C6BAA0E00D130E2 /* WriteGPT */ = {
			isa = PBXGroup;
			children = (
				A1CD69B42C6BAAC5001382E2 /* MainView.swift */,
				A1CD69B52C6BAAC5001382E2 /* MainViewModel.swift */,
				A1CD69B32C6BAAC5001382E2 /* OpenAiHelper.swift */,
				A1CD69B92C6BAB1A001382E2 /* APIKeys.plist */,
				A1FD1CCB2C6BAA0E00D130E2 /* WriteGPTApp.swift */,
				A1FD1CCF2C6BAA0F00D130E2 /* Assets.xcassets */,
				A1FD1CD42C6BAA0F00D130E2 /* WriteGPT.entitlements */,
				A1FD1CD12C6BAA0F00D130E2 /* Preview Content */,
				A1CD69BB2C6BABF0001382E2 /* BundledApiKeyService.swift */,
				A1CD69C02C6CE59E001382E2 /* Extensions.swift */,
			);
			path = WriteGPT;
			sourceTree = "<group>";
		};
		A1FD1CD12C6BAA0F00D130E2 /* Preview Content */ = {
			isa = PBXGroup;
			children = (
				A1FD1CD22C6BAA0F00D130E2 /* Preview Assets.xcassets */,
			);
			path = "Preview Content";
			sourceTree = "<group>";
		};
/* End PBXGroup section */

/* Begin PBXNativeTarget section */
		A1FD1CC72C6BAA0E00D130E2 /* WriteGPT */ = {
			isa = PBXNativeTarget;
			buildConfigurationList = A1FD1CD72C6BAA0F00D130E2 /* Build configuration list for PBXNativeTarget "WriteGPT" */;
			buildPhases = (
				A1FD1CC42C6BAA0E00D130E2 /* Sources */,
				A1FD1CC52C6BAA0E00D130E2 /* Frameworks */,
				A1FD1CC62C6BAA0E00D130E2 /* Resources */,
			);
			buildRules = (
			);
			dependencies = (
			);
			name = WriteGPT;
			packageProductDependencies = (
				A1CD69BE2C6BB184001382E2 /* OpenAIKit */,
			);
			productName = WriteGPT;
			productReference = A1FD1CC82C6BAA0E00D130E2 /* WriteGPT.app */;
			productType = "com.apple.product-type.application";
		};
/* End PBXNativeTarget section */

/* Begin PBXProject section */
		A1FD1CC02C6BAA0E00D130E2 /* Project object */ = {
			isa = PBXProject;
			attributes = {
				BuildIndependentTargetsInParallel = 1;
				LastSwiftUpdateCheck = 1520;
				LastUpgradeCheck = 1520;
				TargetAttributes = {
					A1FD1CC72C6BAA0E00D130E2 = {
						CreatedOnToolsVersion = 15.2;
					};
				};
			};
			buildConfigurationList = A1FD1CC32C6BAA0E00D130E2 /* Build configuration list for PBXProject "WriteGPT" */;
			compatibilityVersion = "Xcode 14.0";
			developmentRegion = en;
			hasScannedForEncodings = 0;
			knownRegions = (
				en,
				Base,
			);
			mainGroup = A1FD1CBF2C6BAA0E00D130E2;
			packageReferences = (
				A1CD69BD2C6BB184001382E2 /* XCRemoteSwiftPackageReference "OpenAI" */,
			);
			productRefGroup = A1FD1CC92C6BAA0E00D130E2 /* Products */;
			projectDirPath = "";
			projectRoot = "";
			targets = (
				A1FD1CC72C6BAA0E00D130E2 /* WriteGPT */,
			);
		};
/* End PBXProject section */

/* Begin PBXResourcesBuildPhase section */
		A1FD1CC62C6BAA0E00D130E2 /* Resources */ = {
			isa = PBXResourcesBuildPhase;
			buildActionMask = 2147483647;
			files = (
				A1CD69BA2C6BAB1A001382E2 /* APIKeys.plist in Resources */,
				A1FD1CD32C6BAA0F00D130E2 /* Preview Assets.xcassets in Resources */,
				A1FD1CD02C6BAA0F00D130E2 /* Assets.xcassets in Resources */,
			);
			runOnlyForDeploymentPostprocessing = 0;
		};
/* End PBXResourcesBuildPhase section */

/* Begin PBXSourcesBuildPhase section */
		A1FD1CC42C6BAA0E00D130E2 /* Sources */ = {
			isa = PBXSourcesBuildPhase;
			buildActionMask = 2147483647;
			files = (
				A1CD69BC2C6BABF0001382E2 /* BundledApiKeyService.swift in Sources */,
				A1CD69C12C6CE59E001382E2 /* Extensions.swift in Sources */,
				A1CD69B82C6BAAC5001382E2 /* MainViewModel.swift in Sources */,
				A1CD69B72C6BAAC5001382E2 /* MainView.swift in Sources */,
				A1FD1CCC2C6BAA0E00D130E2 /* WriteGPTApp.swift in Sources */,
				A1CD69B62C6BAAC5001382E2 /* OpenAiHelper.swift in Sources */,
			);
			runOnlyForDeploymentPostprocessing = 0;
		};
/* End PBXSourcesBuildPhase section */

/* Begin XCBuildConfiguration section */
		A1FD1CD52C6BAA0F00D130E2 /* Debug */ = {
			isa = XCBuildConfiguration;
			buildSettings = {
				ALWAYS_SEARCH_USER_PATHS = NO;
				ASSETCATALOG_COMPILER_GENERATE_SWIFT_ASSET_SYMBOL_EXTENSIONS = YES;
				CLANG_ANALYZER_NONNULL = YES;
				CLANG_ANALYZER_NUMBER_OBJECT_CONVERSION = YES_AGGRESSIVE;
				CLANG_CXX_LANGUAGE_STANDARD = "gnu++20";
				CLANG_ENABLE_MODULES = YES;
				CLANG_ENABLE_OBJC_ARC = YES;
				CLANG_ENABLE_OBJC_WEAK = YES;
				CLANG_WARN_BLOCK_CAPTURE_AUTORELEASING = YES;
				CLANG_WARN_BOOL_CONVERSION = YES;
				CLANG_WARN_COMMA = YES;
				CLANG_WARN_CONSTANT_CONVERSION = YES;
				CLANG_WARN_DEPRECATED_OBJC_IMPLEMENTATIONS = YES;
				CLANG_WARN_DIRECT_OBJC_ISA_USAGE = YES_ERROR;
				CLANG_WARN_DOCUMENTATION_COMMENTS = YES;
				CLANG_WARN_EMPTY_BODY = YES;
				CLANG_WARN_ENUM_CONVERSION = YES;
				CLANG_WARN_INFINITE_RECURSION = YES;
				CLANG_WARN_INT_CONVERSION = YES;
				CLANG_WARN_NON_LITERAL_NULL_CONVERSION = YES;
				CLANG_WARN_OBJC_IMPLICIT_RETAIN_SELF = YES;
				CLANG_WARN_OBJC_LITERAL_CONVERSION = YES;
				CLANG_WARN_OBJC_ROOT_CLASS = YES_ERROR;
				CLANG_WARN_QUOTED_INCLUDE_IN_FRAMEWORK_HEADER = YES;
				CLANG_WARN_RANGE_LOOP_ANALYSIS = YES;
				CLANG_WARN_STRICT_PROTOTYPES = YES;
				CLANG_WARN_SUSPICIOUS_MOVE = YES;
				CLANG_WARN_UNGUARDED_AVAILABILITY = YES_AGGRESSIVE;
				CLANG_WARN_UNREACHABLE_CODE = YES;
				CLANG_WARN__DUPLICATE_METHOD_MATCH = YES;
				COPY_PHASE_STRIP = NO;
				DEBUG_INFORMATION_FORMAT = dwarf;
				ENABLE_STRICT_OBJC_MSGSEND = YES;
				ENABLE_TESTABILITY = YES;
				ENABLE_USER_SCRIPT_SANDBOXING = YES;
				GCC_C_LANGUAGE_STANDARD = gnu17;
				GCC_DYNAMIC_NO_PIC = NO;
				GCC_NO_COMMON_BLOCKS = YES;
				GCC_OPTIMIZATION_LEVEL = 0;
				GCC_PREPROCESSOR_DEFINITIONS = (
					"DEBUG=1",
					"$(inherited)",
				);
				GCC_WARN_64_TO_32_BIT_CONVERSION = YES;
				GCC_WARN_ABOUT_RETURN_TYPE = YES_ERROR;
				GCC_WARN_UNDECLARED_SELECTOR = YES;
				GCC_WARN_UNINITIALIZED_AUTOS = YES_AGGRESSIVE;
				GCC_WARN_UNUSED_FUNCTION = YES;
				GCC_WARN_UNUSED_VARIABLE = YES;
				LOCALIZATION_PREFERS_STRING_CATALOGS = YES;
				MACOSX_DEPLOYMENT_TARGET = 14.0;
				MTL_ENABLE_DEBUG_INFO = INCLUDE_SOURCE;
				MTL_FAST_MATH = YES;
				ONLY_ACTIVE_ARCH = YES;
				SDKROOT = macosx;
				SWIFT_ACTIVE_COMPILATION_CONDITIONS = "DEBUG $(inherited)";
				SWIFT_OPTIMIZATION_LEVEL = "-Onone";
			};
			name = Debug;
		};
		A1FD1CD62C6BAA0F00D130E2 /* Release */ = {
			isa = XCBuildConfiguration;
			buildSettings = {
				ALWAYS_SEARCH_USER_PATHS = NO;
				ASSETCATALOG_COMPILER_GENERATE_SWIFT_ASSET_SYMBOL_EXTENSIONS = YES;
				CLANG_ANALYZER_NONNULL = YES;
				CLANG_ANALYZER_NUMBER_OBJECT_CONVERSION = YES_AGGRESSIVE;
				CLANG_CXX_LANGUAGE_STANDARD = "gnu++20";
				CLANG_ENABLE_MODULES = YES;
				CLANG_ENABLE_OBJC_ARC = YES;
				CLANG_ENABLE_OBJC_WEAK = YES;
				CLANG_WARN_BLOCK_CAPTURE_AUTORELEASING = YES;
				CLANG_WARN_BOOL_CONVERSION = YES;
				CLANG_WARN_COMMA = YES;
				CLANG_WARN_CONSTANT_CONVERSION = YES;
				CLANG_WARN_DEPRECATED_OBJC_IMPLEMENTATIONS = YES;
				CLANG_WARN_DIRECT_OBJC_ISA_USAGE = YES_ERROR;
				CLANG_WARN_DOCUMENTATION_COMMENTS = YES;
				CLANG_WARN_EMPTY_BODY = YES;
				CLANG_WARN_ENUM_CONVERSION = YES;
				CLANG_WARN_INFINITE_RECURSION = YES;
				CLANG_WARN_INT_CONVERSION = YES;
				CLANG_WARN_NON_LITERAL_NULL_CONVERSION = YES;
				CLANG_WARN_OBJC_IMPLICIT_RETAIN_SELF = YES;
				CLANG_WARN_OBJC_LITERAL_CONVERSION = YES;
				CLANG_WARN_OBJC_ROOT_CLASS = YES_ERROR;
				CLANG_WARN_QUOTED_INCLUDE_IN_FRAMEWORK_HEADER = YES;
				CLANG_WARN_RANGE_LOOP_ANALYSIS = YES;
				CLANG_WARN_STRICT_PROTOTYPES = YES;
				CLANG_WARN_SUSPICIOUS_MOVE = YES;
				CLANG_WARN_UNGUARDED_AVAILABILITY = YES_AGGRESSIVE;
				CLANG_WARN_UNREACHABLE_CODE = YES;
				CLANG_WARN__DUPLICATE_METHOD_MATCH = YES;
				COPY_PHASE_STRIP = NO;
				DEBUG_INFORMATION_FORMAT = "dwarf-with-dsym";
				ENABLE_NS_ASSERTIONS = NO;
				ENABLE_STRICT_OBJC_MSGSEND = YES;
				ENABLE_USER_SCRIPT_SANDBOXING = YES;
				GCC_C_LANGUAGE_STANDARD = gnu17;
				GCC_NO_COMMON_BLOCKS = YES;
				GCC_WARN_64_TO_32_BIT_CONVERSION = YES;
				GCC_WARN_ABOUT_RETURN_TYPE = YES_ERROR;
				GCC_WARN_UNDECLARED_SELECTOR = YES;
				GCC_WARN_UNINITIALIZED_AUTOS = YES_AGGRESSIVE;
				GCC_WARN_UNUSED_FUNCTION = YES;
				GCC_WARN_UNUSED_VARIABLE = YES;
				LOCALIZATION_PREFERS_STRING_CATALOGS = YES;
				MACOSX_DEPLOYMENT_TARGET = 14.0;
				MTL_ENABLE_DEBUG_INFO = NO;
				MTL_FAST_MATH = YES;
				SDKROOT = macosx;
				SWIFT_COMPILATION_MODE = wholemodule;
			};
			name = Release;
		};
		A1FD1CD82C6BAA0F00D130E2 /* Debug */ = {
			isa = XCBuildConfiguration;
			buildSettings = {
				ASSETCATALOG_COMPILER_APPICON_NAME = AppIcon;
				ASSETCATALOG_COMPILER_GLOBAL_ACCENT_COLOR_NAME = AccentColor;
				CODE_SIGN_ENTITLEMENTS = WriteGPT/WriteGPT.entitlements;
				CODE_SIGN_STYLE = Automatic;
				COMBINE_HIDPI_IMAGES = YES;
				CURRENT_PROJECT_VERSION = 1;
				DEVELOPMENT_ASSET_PATHS = "\"WriteGPT/Preview Content\"";
				DEVELOPMENT_TEAM = DLMNQAWJ24;
				ENABLE_HARDENED_RUNTIME = YES;
				ENABLE_PREVIEWS = YES;
				GENERATE_INFOPLIST_FILE = YES;
				INFOPLIST_KEY_NSHumanReadableCopyright = "";
				LD_RUNPATH_SEARCH_PATHS = (
					"$(inherited)",
					"@executable_path/../Frameworks",
				);
				MARKETING_VERSION = 1.0;
				PRODUCT_BUNDLE_IDENTIFIER = com.jafproductions.WriteGPT;
				PRODUCT_NAME = "$(TARGET_NAME)";
				SWIFT_EMIT_LOC_STRINGS = YES;
				SWIFT_VERSION = 5.0;
			};
			name = Debug;
		};
		A1FD1CD92C6BAA0F00D130E2 /* Release */ = {
			isa = XCBuildConfiguration;
			buildSettings = {
				ASSETCATALOG_COMPILER_APPICON_NAME = AppIcon;
				ASSETCATALOG_COMPILER_GLOBAL_ACCENT_COLOR_NAME = AccentColor;
				CODE_SIGN_ENTITLEMENTS = WriteGPT/WriteGPT.entitlements;
				CODE_SIGN_STYLE = Automatic;
				COMBINE_HIDPI_IMAGES = YES;
				CURRENT_PROJECT_VERSION = 1;
				DEVELOPMENT_ASSET_PATHS = "\"WriteGPT/Preview Content\"";
				DEVELOPMENT_TEAM = DLMNQAWJ24;
				ENABLE_HARDENED_RUNTIME = YES;
				ENABLE_PREVIEWS = YES;
				GENERATE_INFOPLIST_FILE = YES;
				INFOPLIST_KEY_NSHumanReadableCopyright = "";
				LD_RUNPATH_SEARCH_PATHS = (
					"$(inherited)",
					"@executable_path/../Frameworks",
				);
				MARKETING_VERSION = 1.0;
				PRODUCT_BUNDLE_IDENTIFIER = com.jafproductions.WriteGPT;
				PRODUCT_NAME = "$(TARGET_NAME)";
				SWIFT_EMIT_LOC_STRINGS = YES;
				SWIFT_VERSION = 5.0;
			};
			name = Release;
		};
/* End XCBuildConfiguration section */

/* Begin XCConfigurationList section */
		A1FD1CC32C6BAA0E00D130E2 /* Build configuration list for PBXProject "WriteGPT" */ = {
			isa = XCConfigurationList;
			buildConfigurations = (
				A1FD1CD52C6BAA0F00D130E2 /* Debug */,
				A1FD1CD62C6BAA0F00D130E2 /* Release */,
			);
			defaultConfigurationIsVisible = 0;
			defaultConfigurationName = Release;
		};
		A1FD1CD72C6BAA0F00D130E2 /* Build configuration list for PBXNativeTarget "WriteGPT" */ = {
			isa = XCConfigurationList;
			buildConfigurations = (
				A1FD1CD82C6BAA0F00D130E2 /* Debug */,
				A1FD1CD92C6BAA0F00D130E2 /* Release */,
			);
			defaultConfigurationIsVisible = 0;
			defaultConfigurationName = Release;
		};
/* End XCConfigurationList section */

/* Begin XCRemoteSwiftPackageReference section */
		A1CD69BD2C6BB184001382E2 /* XCRemoteSwiftPackageReference "OpenAI" */ = {
			isa = XCRemoteSwiftPackageReference;
			repositoryURL = "https://github.com/FuturraGroup/OpenAI.git";
			requirement = {
				kind = upToNextMajorVersion;
				minimumVersion = 1.9.3;
			};
		};
/* End XCRemoteSwiftPackageReference section */

/* Begin XCSwiftPackageProductDependency section */
		A1CD69BE2C6BB184001382E2 /* OpenAIKit */ = {
			isa = XCSwiftPackageProductDependency;
			package = A1CD69BD2C6BB184001382E2 /* XCRemoteSwiftPackageReference "OpenAI" */;
			productName = OpenAIKit;
		};
/* End XCSwiftPackageProductDependency section */
	};
	rootObject = A1FD1CC02C6BAA0E00D130E2 /* Project object */;
}
